version = 1
revision = 3
requires-python = ">=3.12"

[manifest]
members = [
    "tombi",
    "tombi-beta",
]

[[package]]
name = "colorama"
version = "0.4.6"
source = { registry = "https://pypi.org/simple" }
sdist = { url = "https://files.pythonhosted.org/packages/d8/53/6f443c9a4a8358a93a6792e2acffb9d9d5cb0a5cfd8802644b7b1c9a02e4/colorama-0.4.6.tar.gz", hash = "sha256:08695f5cb7ed6e0531a20572697297273c47b8cae5a63ffc6d6ed5c201be6e44", size = 27697, upload-time = "2022-10-25T02:36:22.414Z" }
wheels = [
    { url = "https://files.pythonhosted.org/packages/d1/d6/3965ed04c63042e047cb6a3e6ed1a63a35087b6a609aa3a15ed8ac56c221/colorama-0.4.6-py2.py3-none-any.whl", hash = "sha256:4f1d9991f5acc0ca119f9d443620b77f9d6b33703e51011c16baf57afb285fc6", size = 25335, upload-time = "2022-10-25T02:36:20.889Z" },
]

[[package]]
name = "iniconfig"
version = "2.0.0"
source = { registry = "https://pypi.org/simple" }
sdist = { url = "https://files.pythonhosted.org/packages/d7/4b/cbd8e699e64a6f16ca3a8220661b5f83792b3017d0f79807cb8708d33913/iniconfig-2.0.0.tar.gz", hash = "sha256:2d91e135bf72d31a410b17c16da610a82cb55f6b0477d1a902134b24a455b8b3", size = 4646, upload-time = "2023-01-07T11:08:11.254Z" }
wheels = [
    { url = "https://files.pythonhosted.org/packages/ef/a6/62565a6e1cf69e10f5727360368e451d4b7f58beeac6173dc9db836a5b46/iniconfig-2.0.0-py3-none-any.whl", hash = "sha256:b6a85871a79d2e3b22d2d1b94ac2824226a63c6b741c88f7ae975f18b6778374", size = 5892, upload-time = "2023-01-07T11:08:09.864Z" },
]

[[package]]
name = "packaging"
version = "24.2"
source = { registry = "https://pypi.org/simple" }
sdist = { url = "https://files.pythonhosted.org/packages/d0/63/68dbb6eb2de9cb10ee4c9c14a0148804425e13c4fb20d61cce69f53106da/packaging-24.2.tar.gz", hash = "sha256:c228a6dc5e932d346bc5739379109d49e8853dd8223571c7c5b55260edc0b97f", size = 163950, upload-time = "2024-11-08T09:47:47.202Z" }
wheels = [
    { url = "https://files.pythonhosted.org/packages/88/ef/eb23f262cca3c0c4eb7ab1933c3b1f03d021f2c48f54763065b6f0e321be/packaging-24.2-py3-none-any.whl", hash = "sha256:09abb1bccd265c01f4a3aa3f7a7db064b36514d2cba19a2f694fe6150451a759", size = 65451, upload-time = "2024-11-08T09:47:44.722Z" },
]

[[package]]
name = "pluggy"
version = "1.5.0"
source = { registry = "https://pypi.org/simple" }
sdist = { url = "https://files.pythonhosted.org/packages/96/2d/02d4312c973c6050a18b314a5ad0b3210edb65a906f868e31c111dede4a6/pluggy-1.5.0.tar.gz", hash = "sha256:2cffa88e94fdc978c4c574f15f9e59b7f4201d439195c3715ca9e2486f1d0cf1", size = 67955, upload-time = "2024-04-20T21:34:42.531Z" }
wheels = [
    { url = "https://files.pythonhosted.org/packages/88/5f/e351af9a41f866ac3f1fac4ca0613908d9a41741cfcf2228f4ad853b697d/pluggy-1.5.0-py3-none-any.whl", hash = "sha256:44e1ad92c8ca002de6377e165f3e0f1be63266ab4d554740532335b9d75ea669", size = 20556, upload-time = "2024-04-20T21:34:40.434Z" },
]

[[package]]
name = "pytest"
version = "8.3.3"
source = { registry = "https://pypi.org/simple" }
dependencies = [
    { name = "colorama", marker = "sys_platform == 'win32'" },
    { name = "iniconfig" },
    { name = "packaging" },
    { name = "pluggy" },
]
sdist = { url = "https://files.pythonhosted.org/packages/8b/6c/62bbd536103af674e227c41a8f3dcd022d591f6eed5facb5a0f31ee33bbc/pytest-8.3.3.tar.gz", hash = "sha256:70b98107bd648308a7952b06e6ca9a50bc660be218d53c257cc1fc94fda10181", size = 1442487, upload-time = "2024-09-10T10:52:15.003Z" }
wheels = [
    { url = "https://files.pythonhosted.org/packages/6b/77/7440a06a8ead44c7757a64362dd22df5760f9b12dc5f11b6188cd2fc27a0/pytest-8.3.3-py3-none-any.whl", hash = "sha256:a6853c7375b2663155079443d2e45de913a911a11d669df02a50814944db57b2", size = 342341, upload-time = "2024-09-10T10:52:12.54Z" },
]

[[package]]
name = "pytest-stub"
version = "1.1.0"
source = { registry = "https://pypi.org/simple" }
dependencies = [
    { name = "pytest" },
]
sdist = { url = "https://files.pythonhosted.org/packages/32/67/d22676636e337c058b15178bcf6e3f1cd71b8fd52782791c46152bd79e4c/pytest-stub-1.1.0.tar.gz", hash = "sha256:276043d91cbad863ba56b99f6b781a4a1bc19e1d2e928a5f8e76979ee02c8099", size = 5852, upload-time = "2020-04-28T10:31:22.426Z" }
wheels = [
    { url = "https://files.pythonhosted.org/packages/34/30/13f00e1af36577df3e355827cdc02e1a7cbb4fce31966a72a692573ae683/pytest_stub-1.1.0-py2.py3-none-any.whl", hash = "sha256:5de0e3247f8e51321c4dc6d94bbe53c8a96a51edcf722d3df3cb20d4d32b27d7", size = 5700, upload-time = "2020-04-28T10:31:23.943Z" },
]

[[package]]
name = "ruff"
version = "0.7.4"
source = { registry = "https://pypi.org/simple" }
sdist = { url = "https://files.pythonhosted.org/packages/0b/8b/bc4e0dfa1245b07cf14300e10319b98e958a53ff074c1dd86b35253a8c2a/ruff-0.7.4.tar.gz", hash = "sha256:cd12e35031f5af6b9b93715d8c4f40360070b2041f81273d0527683d5708fce2", size = 3275547, upload-time = "2024-11-15T11:33:11.853Z" }
wheels = [
    { url = "https://files.pythonhosted.org/packages/e6/4b/f5094719e254829766b807dadb766841124daba75a37da83e292ae5ad12f/ruff-0.7.4-py3-none-linux_armv6l.whl", hash = "sha256:a4919925e7684a3f18e18243cd6bea7cfb8e968a6eaa8437971f681b7ec51478", size = 10447512, upload-time = "2024-11-15T11:32:27.812Z" },
    { url = "https://files.pythonhosted.org/packages/9e/1d/3d2d2c9f601cf6044799c5349ff5267467224cefed9b35edf5f1f36486e9/ruff-0.7.4-py3-none-macosx_10_12_x86_64.whl", hash = "sha256:cfb365c135b830778dda8c04fb7d4280ed0b984e1aec27f574445231e20d6c63", size = 10235436, upload-time = "2024-11-15T11:32:30.6Z" },
    { url = "https://files.pythonhosted.org/packages/62/83/42a6ec6216ded30b354b13e0e9327ef75a3c147751aaf10443756cb690e9/ruff-0.7.4-py3-none-macosx_11_0_arm64.whl", hash = "sha256:63a569b36bc66fbadec5beaa539dd81e0527cb258b94e29e0531ce41bacc1f20", size = 9888936, upload-time = "2024-11-15T11:32:33.287Z" },
    { url = "https://files.pythonhosted.org/packages/4d/26/e1e54893b13046a6ad05ee9b89ee6f71542ba250f72b4c7a7d17c3dbf73d/ruff-0.7.4-py3-none-manylinux_2_17_aarch64.manylinux2014_aarch64.whl", hash = "sha256:0d06218747d361d06fd2fdac734e7fa92df36df93035db3dc2ad7aa9852cb109", size = 10697353, upload-time = "2024-11-15T11:32:35.895Z" },
    { url = "https://files.pythonhosted.org/packages/21/24/98d2e109c4efc02bfef144ec6ea2c3e1217e7ce0cfddda8361d268dfd499/ruff-0.7.4-py3-none-manylinux_2_17_armv7l.manylinux2014_armv7l.whl", hash = "sha256:e0cea28d0944f74ebc33e9f934238f15c758841f9f5edd180b5315c203293452", size = 10228078, upload-time = "2024-11-15T11:32:40.929Z" },
    { url = "https://files.pythonhosted.org/packages/ad/b7/964c75be9bc2945fc3172241b371197bb6d948cc69e28bc4518448c368f3/ruff-0.7.4-py3-none-manylinux_2_17_i686.manylinux2014_i686.whl", hash = "sha256:80094ecd4793c68b2571b128f91754d60f692d64bc0d7272ec9197fdd09bf9ea", size = 11264823, upload-time = "2024-11-15T11:32:43.31Z" },
    { url = "https://files.pythonhosted.org/packages/12/8d/20abdbf705969914ce40988fe71a554a918deaab62c38ec07483e77866f6/ruff-0.7.4-py3-none-manylinux_2_17_ppc64.manylinux2014_ppc64.whl", hash = "sha256:997512325c6620d1c4c2b15db49ef59543ef9cd0f4aa8065ec2ae5103cedc7e7", size = 11951855, upload-time = "2024-11-15T11:32:46.038Z" },
    { url = "https://files.pythonhosted.org/packages/b8/fc/6519ce58c57b4edafcdf40920b7273dfbba64fc6ebcaae7b88e4dc1bf0a8/ruff-0.7.4-py3-none-manylinux_2_17_ppc64le.manylinux2014_ppc64le.whl", hash = "sha256:00b4cf3a6b5fad6d1a66e7574d78956bbd09abfd6c8a997798f01f5da3d46a05", size = 11516580, upload-time = "2024-11-15T11:32:48.17Z" },
    { url = "https://files.pythonhosted.org/packages/37/1a/5ec1844e993e376a86eb2456496831ed91b4398c434d8244f89094758940/ruff-0.7.4-py3-none-manylinux_2_17_s390x.manylinux2014_s390x.whl", hash = "sha256:7dbdc7d8274e1422722933d1edddfdc65b4336abf0b16dfcb9dedd6e6a517d06", size = 12692057, upload-time = "2024-11-15T11:32:50.623Z" },
    { url = "https://files.pythonhosted.org/packages/50/90/76867152b0d3c05df29a74bb028413e90f704f0f6701c4801174ba47f959/ruff-0.7.4-py3-none-manylinux_2_17_x86_64.manylinux2014_x86_64.whl", hash = "sha256:0e92dfb5f00eaedb1501b2f906ccabfd67b2355bdf117fea9719fc99ac2145bc", size = 11085137, upload-time = "2024-11-15T11:32:52.819Z" },
    { url = "https://files.pythonhosted.org/packages/c8/eb/0a7cb6059ac3555243bd026bb21785bbc812f7bbfa95a36c101bd72b47ae/ruff-0.7.4-py3-none-musllinux_1_2_aarch64.whl", hash = "sha256:3bd726099f277d735dc38900b6a8d6cf070f80828877941983a57bca1cd92172", size = 10681243, upload-time = "2024-11-15T11:32:55.902Z" },
    { url = "https://files.pythonhosted.org/packages/5e/76/2270719dbee0fd35780b05c08a07b7a726c3da9f67d9ae89ef21fc18e2e5/ruff-0.7.4-py3-none-musllinux_1_2_armv7l.whl", hash = "sha256:2e32829c429dd081ee5ba39aef436603e5b22335c3d3fff013cd585806a6486a", size = 10319187, upload-time = "2024-11-15T11:32:58.255Z" },
    { url = "https://files.pythonhosted.org/packages/9f/e5/39100f72f8ba70bec1bd329efc880dea8b6c1765ea1cb9d0c1c5f18b8d7f/ruff-0.7.4-py3-none-musllinux_1_2_i686.whl", hash = "sha256:662a63b4971807623f6f90c1fb664613f67cc182dc4d991471c23c541fee62dd", size = 10803715, upload-time = "2024-11-15T11:33:00.88Z" },
    { url = "https://files.pythonhosted.org/packages/a5/89/40e904784f305fb56850063f70a998a64ebba68796d823dde67e89a24691/ruff-0.7.4-py3-none-musllinux_1_2_x86_64.whl", hash = "sha256:876f5e09eaae3eb76814c1d3b68879891d6fde4824c015d48e7a7da4cf066a3a", size = 11162912, upload-time = "2024-11-15T11:33:03.097Z" },
    { url = "https://files.pythonhosted.org/packages/8d/1b/dd77503b3875c51e3dbc053fd8367b845ab8b01c9ca6d0c237082732856c/ruff-0.7.4-py3-none-win32.whl", hash = "sha256:75c53f54904be42dd52a548728a5b572344b50d9b2873d13a3f8c5e3b91f5cac", size = 8702767, upload-time = "2024-11-15T11:33:05.15Z" },
    { url = "https://files.pythonhosted.org/packages/63/76/253ddc3e89e70165bba952ecca424b980b8d3c2598ceb4fc47904f424953/ruff-0.7.4-py3-none-win_amd64.whl", hash = "sha256:745775c7b39f914238ed1f1b0bebed0b9155a17cd8bc0b08d3c87e4703b990d6", size = 9497534, upload-time = "2024-11-15T11:33:07.359Z" },
    { url = "https://files.pythonhosted.org/packages/aa/70/f8724f31abc0b329ca98b33d73c14020168babcf71b0cba3cded5d9d0e66/ruff-0.7.4-py3-none-win_arm64.whl", hash = "sha256:11bff065102c3ae9d3ea4dc9ecdfe5a5171349cdd0787c1fc64761212fc9cf1f", size = 8851590, upload-time = "2024-11-15T11:33:09.664Z" },
]

[[package]]
name = "tombi"
version = "0.0.0.dev0"
source = { editable = "." }

[package.dev-dependencies]
dev = [
    { name = "pytest" },
    { name = "pytest-stub" },
    { name = "ruff" },
    { name = "ty" },
]
stub = [
    { name = "pytest-stub" },
]

[package.metadata]

[package.metadata.requires-dev]
dev = [
    { name = "pytest", specifier = ">=8.3.3" },
    { name = "pytest-stub", specifier = ">=1.1.0" },
    { name = "ruff", specifier = ">=0.7.4" },
    { name = "ty", specifier = ">=0.0.1a28" },
]
stub = [{ name = "pytest-stub", specifier = ">=1.1.0" }]

[[package]]
name = "tombi-beta"
version = "0.1.0"
source = { editable = "python/tombi-beta" }

[[package]]
name = "ty"
version = "0.0.1a28"
source = { registry = "https://pypi.org/simple" }
sdist = { url = "https://files.pythonhosted.org/packages/10/8b/8a87df1d93ad4e2e88f08f94941b9f9479ccb323100fb52253cecbde8978/ty-0.0.1a28.tar.gz", hash = "sha256:6454f2bc0d5b716aeaba3e32c4585a14a0d6bfc7e90d5aba64539fa33df824c4", size = 4584440, upload-time = "2025-11-26T00:27:09.499Z" }
wheels = [
    { url = "https://files.pythonhosted.org/packages/24/7a/768f3d9945066a9a44f9ed280e4717409b772fca1ef165e112827abf2ee6/ty-0.0.1a28-py3-none-linux_armv6l.whl", hash = "sha256:0ea28aaaf35176a75ce85da7a4b7f577f3a3319a1eb4d13c0105629e239a7d95", size = 9500811, upload-time = "2025-11-26T00:27:26.134Z" },
    { url = "https://files.pythonhosted.org/packages/bc/cc/d6e4e433bd91043d1eb2ecc7908000585100a5cbdd548d85082e1e07865d/ty-0.0.1a28-py3-none-macosx_10_12_x86_64.whl", hash = "sha256:463f8b6bee5c3d338a535c40764a4f209f5465caecbc9f7358ee2a7f8b2d321e", size = 9286280, upload-time = "2025-11-26T00:27:27.753Z" },
    { url = "https://files.pythonhosted.org/packages/77/68/00e8e7f280fbef2e89df10e6c9ce896dd6716bffc2e8e7ece58503b767e5/ty-0.0.1a28-py3-none-macosx_11_0_arm64.whl", hash = "sha256:7d037ea9f896e6e9b96ca066959e2a7600db0da9e4038f1247c9337af253cc8c", size = 8810453, upload-time = "2025-11-26T00:27:07.812Z" },
    { url = "https://files.pythonhosted.org/packages/10/1b/ef72e26f487272b60156e0f527a5fbc27da799accad3420d01bc08101ca8/ty-0.0.1a28-py3-none-manylinux_2_17_aarch64.manylinux2014_aarch64.whl", hash = "sha256:ad5099ffaa891391733d6fd85bcdd00ad68042a2da4f80a114b9e7044e6f7460", size = 9098344, upload-time = "2025-11-26T00:27:22.531Z" },
    { url = "https://files.pythonhosted.org/packages/64/0b/e56c5623c604d20fa26d320a73bc4fb7c2db28e14ba021409c767c4ddfdf/ty-0.0.1a28-py3-none-manylinux_2_17_armv7l.manylinux2014_armv7l.whl", hash = "sha256:587652aecb8d238adcb45ae7cd12efd27b9778f74b636cbbe5dcc2e938f9af4e", size = 9303714, upload-time = "2025-11-26T00:26:57.946Z" },
    { url = "https://files.pythonhosted.org/packages/eb/04/61518d3eac0357305e3a06c9a4cedbb49bc9f343d38ba26194c15a81f22e/ty-0.0.1a28-py3-none-manylinux_2_17_i686.manylinux2014_i686.whl", hash = "sha256:7d9556c87419264ffc3071a249f89d890a29df5d09abd8d216bac850ad2d7ba9", size = 9668395, upload-time = "2025-11-26T00:27:12.893Z" },
    { url = "https://files.pythonhosted.org/packages/fd/01/ef22fc8e3d9415d2ab2def0f562fe6ee7ae28b99dc180acd636486a9f818/ty-0.0.1a28-py3-none-manylinux_2_17_ppc64.manylinux2014_ppc64.whl", hash = "sha256:7481abc03a0aabf966c9e1cccb18c9edbb7cf01ec011568cd24feb1ab45faef7", size = 10269943, upload-time = "2025-11-26T00:27:02.018Z" },
    { url = "https://files.pythonhosted.org/packages/16/f7/bb94f55c6f3bfc3da543e6b1ec32877e107b2afb8cae3057ae9f5a8f4eaa/ty-0.0.1a28-py3-none-manylinux_2_17_ppc64le.manylinux2014_ppc64le.whl", hash = "sha256:76fd4926f668b733aeadd09f7d16e63af30cba5438bbba1274f950a1059c8d64", size = 10023310, upload-time = "2025-11-26T00:27:29.523Z" },
    { url = "https://files.pythonhosted.org/packages/9a/58/ebaefa1b27b4aea8156f1b43d6d431afd8061e76e1c96e83dad8a0dcb555/ty-0.0.1a28-py3-none-manylinux_2_17_s390x.manylinux2014_s390x.whl", hash = "sha256:8fb119d7db1a064dd74ccedf78bdc5caae30cf5de421dff972a849bcff411269", size = 10034408, upload-time = "2025-11-26T00:27:18.561Z" },
    { url = "https://files.pythonhosted.org/packages/da/66/97be24c8abbcd803dab65cd2b430330e449e4542c0e0396e15fe32f4e2c2/ty-0.0.1a28-py3-none-manylinux_2_17_x86_64.manylinux2014_x86_64.whl", hash = "sha256:dd7f7d744920af9ceaf7fe6db290366abefbcffd7cce54f15e8cef6a86e2df31", size = 9597359, upload-time = "2025-11-26T00:27:03.803Z" },
    { url = "https://files.pythonhosted.org/packages/e2/c8/a7451f1ca4d8ed12c025a5c306e9527bd9269abacdf2b2b8d0ca8bb90a13/ty-0.0.1a28-py3-none-musllinux_1_2_aarch64.whl", hash = "sha256:c20c6cf7e786ecf6c8f34892240b4b1ae8b1adce52243868aa400c80b7a9bc1d", size = 9069439, upload-time = "2025-11-26T00:27:14.768Z" },
    { url = "https://files.pythonhosted.org/packages/e4/b9/d212887e13f3db925287f6be5addaf37190070956c960c73e22f93509273/ty-0.0.1a28-py3-none-musllinux_1_2_armv7l.whl", hash = "sha256:54c94a06c0236dfd249217e28816b6aedfc40e71d5b5131924efa3b095dfcf1a", size = 9332037, upload-time = "2025-11-26T00:27:00.138Z" },
    { url = "https://files.pythonhosted.org/packages/1d/14/3dc72136a72d354cdc93b509c35f4a426869879fa9e0346f1cd7d2bba3f7/ty-0.0.1a28-py3-none-musllinux_1_2_i686.whl", hash = "sha256:1a15eb2535229ab65aaafbe3fb22c3d289c4e34cda92fb748815573b6d52fe3a", size = 9428504, upload-time = "2025-11-26T00:27:16.541Z" },
    { url = "https://files.pythonhosted.org/packages/d5/65/e15984e245fe330dfdc665cc7c492c633149ff97b3f95af32bdd08b74fdb/ty-0.0.1a28-py3-none-musllinux_1_2_x86_64.whl", hash = "sha256:6c2ebd5314707cd26aabe77b1d664e597b7b29a8d07fed5091f986ebdaa261a9", size = 9720869, upload-time = "2025-11-26T00:27:20.721Z" },
    { url = "https://files.pythonhosted.org/packages/a5/91/5826e5f78fc5ee685b34a1904cb5da8b3ab83d4c04e5574c4542728c2422/ty-0.0.1a28-py3-none-win32.whl", hash = "sha256:ae10abd8575d28744d905979632040222581ba364281abf75baf8f269a10ffc3", size = 8950581, upload-time = "2025-11-26T00:27:24.346Z" },
    { url = "https://files.pythonhosted.org/packages/4f/5e/6380d565dfb286634facbe71fb389dc9a8d4379f18d55a6feac392bd5755/ty-0.0.1a28-py3-none-win_amd64.whl", hash = "sha256:44ef82c1169c050ad9e91b2d76251be097ddd163719735cf7e5a978065f6b87c", size = 9789598, upload-time = "2025-11-26T00:27:05.549Z" },
    { url = "https://files.pythonhosted.org/packages/55/48/fec040641bd4c9599fecc0bb74e697c79ea3fa234b25b04b68823aca55a5/ty-0.0.1a28-py3-none-win_arm64.whl", hash = "sha256:051c1d43df50366fb8e795ae52af8f2015b79d176dbb82cdd45668074847ddf3", size = 9278405, upload-time = "2025-11-26T00:27:11.066Z" },
]
